// !$*UTF8*$!
{
	archiveVersion = 1;
	classes = {
	};
	objectVersion = 46;
	objects = {

/* Begin PBXBuildFile section */
		3F4209F71C6125C600E5F172 /* AppDelegate.swift in Sources */ = {isa = PBXBuildFile; fileRef = 3F4209F61C6125C600E5F172 /* AppDelegate.swift */; };
		3F4209F91C6125C600E5F172 /* ViewController.swift in Sources */ = {isa = PBXBuildFile; fileRef = 3F4209F81C6125C600E5F172 /* ViewController.swift */; };
		3F4209FC1C6125C600E5F172 /* Main.storyboard in Resources */ = {isa = PBXBuildFile; fileRef = 3F4209FA1C6125C600E5F172 /* Main.storyboard */; };
		3F4209FE1C6125C600E5F172 /* Assets.xcassets in Resources */ = {isa = PBXBuildFile; fileRef = 3F4209FD1C6125C600E5F172 /* Assets.xcassets */; };
		3F420A011C6125C600E5F172 /* LaunchScreen.storyboard in Resources */ = {isa = PBXBuildFile; fileRef = 3F4209FF1C6125C600E5F172 /* LaunchScreen.storyboard */; };
		3F420A0C1C6125C600E5F172 /* Camera_HackwichTests.swift in Sources */ = {isa = PBXBuildFile; fileRef = 3F420A0B1C6125C600E5F172 /* Camera_HackwichTests.swift */; };
		3F420A171C6125C700E5F172 /* Camera_HackwichUITests.swift in Sources */ = {isa = PBXBuildFile; fileRef = 3F420A161C6125C700E5F172 /* Camera_HackwichUITests.swift */; };
/* End PBXBuildFile section */

/* Begin PBXContainerItemProxy section */
		3F420A081C6125C600E5F172 /* PBXContainerItemProxy */ = {
			isa = PBXContainerItemProxy;
			containerPortal = 3F4209EB1C6125C600E5F172 /* Project object */;
			proxyType = 1;
			remoteGlobalIDString = 3F4209F21C6125C600E5F172;
			remoteInfo = "Camera Hackwich";
		};
		3F420A131C6125C700E5F172 /* PBXContainerItemProxy */ = {
			isa = PBXContainerItemProxy;
			containerPortal = 3F4209EB1C6125C600E5F172 /* Project object */;
			proxyType = 1;
			remoteGlobalIDString = 3F4209F21C6125C600E5F172;
			remoteInfo = "Camera Hackwich";
		};
/* End PBXContainerItemProxy section */

/* Begin PBXFileReference section */
		3F4209F31C6125C600E5F172 /* Camera Hackwich.app */ = {isa = PBXFileReference; explicitFileType = wrapper.application; includeInIndex = 0; path = "Camera Hackwich.app"; sourceTree = BUILT_PRODUCTS_DIR; };
		3F4209F61C6125C600E5F172 /* AppDelegate.swift */ = {isa = PBXFileReference; lastKnownFileType = sourcecode.swift; path = AppDelegate.swift; sourceTree = "<group>"; };
		3F4209F81C6125C600E5F172 /* ViewController.swift */ = {isa = PBXFileReference; lastKnownFileType = sourcecode.swift; path = ViewController.swift; sourceTree = "<group>"; };
		3F4209FB1C6125C600E5F172 /* Base */ = {isa = PBXFileReference; lastKnownFileType = file.storyboard; name = Base; path = Base.lproj/Main.storyboard; sourceTree = "<group>"; };
		3F4209FD1C6125C600E5F172 /* Assets.xcassets */ = {isa = PBXFileReference; lastKnownFileType = folder.assetcatalog; path = Assets.xcassets; sourceTree = "<group>"; };
		3F420A001C6125C600E5F172 /* Base */ = {isa = PBXFileReference; lastKnownFileType = file.storyboard; name = Base; path = Base.lproj/LaunchScreen.storyboard; sourceTree = "<group>"; };
		3F420A021C6125C600E5F172 /* Info.plist */ = {isa = PBXFileReference; lastKnownFileType = text.plist.xml; path = Info.plist; sourceTree = "<group>"; };
		3F420A071C6125C600E5F172 /* Camera HackwichTests.xctest */ = {isa = PBXFileReference; explicitFileType = wrapper.cfbundle; includeInIndex = 0; path = "Camera HackwichTests.xctest"; sourceTree = BUILT_PRODUCTS_DIR; };
		3F420A0B1C6125C600E5F172 /* Camera_HackwichTests.swift */ = {isa = PBXFileReference; lastKnownFileType = sourcecode.swift; path = Camera_HackwichTests.swift; sourceTree = "<group>"; };
		3F420A0D1C6125C600E5F172 /* Info.plist */ = {isa = PBXFileReference; lastKnownFileType = text.plist.xml; path = Info.plist; sourceTree = "<group>"; };
		3F420A121C6125C700E5F172 /* Camera HackwichUITests.xctest */ = {isa = PBXFileReference; explicitFileType = wrapper.cfbundle; includeInIndex = 0; path = "Camera HackwichUITests.xctest"; sourceTree = BUILT_PRODUCTS_DIR; };
		3F420A161C6125C700E5F172 /* Camera_HackwichUITests.swift */ = {isa = PBXFileReference; lastKnownFileType = sourcecode.swift; path = Camera_HackwichUITests.swift; sourceTree = "<group>"; };
		3F420A181C6125C700E5F172 /* Info.plist */ = {isa = PBXFileReference; lastKnownFileType = text.plist.xml; path = Info.plist; sourceTree = "<group>"; };
/* End PBXFileReference section */

/* Begin PBXFrameworksBuildPhase section */
		3F4209F01C6125C600E5F172 /* Frameworks */ = {
			isa = PBXFrameworksBuildPhase;
			buildActionMask = 2147483647;
			files = (
			);
			runOnlyForDeploymentPostprocessing = 0;
		};
		3F420A041C6125C600E5F172 /* Frameworks */ = {
			isa = PBXFrameworksBuildPhase;
			buildActionMask = 2147483647;
			files = (
			);
			runOnlyForDeploymentPostprocessing = 0;
		};
		3F420A0F1C6125C700E5F172 /* Frameworks */ = {
			isa = PBXFrameworksBuildPhase;
			buildActionMask = 2147483647;
			files = (
			);
			runOnlyForDeploymentPostprocessing = 0;
		};
/* End PBXFrameworksBuildPhase section */

/* Begin PBXGroup section */
		3F4209EA1C6125C600E5F172 = {
			isa = PBXGroup;
			children = (
				3F4209F51C6125C600E5F172 /* Camera Hackwich */,
				3F420A0A1C6125C600E5F172 /* Camera HackwichTests */,
				3F420A151C6125C700E5F172 /* Camera HackwichUITests */,
				3F4209F41C6125C600E5F172 /* Products */,
			);
			sourceTree = "<group>";
		};
		3F4209F41C6125C600E5F172 /* Products */ = {
			isa = PBXGroup;
			children = (
				3F4209F31C6125C600E5F172 /* Camera Hackwich.app */,
				3F420A071C6125C600E5F172 /* Camera HackwichTests.xctest */,
				3F420A121C6125C700E5F172 /* Camera HackwichUITests.xctest */,
			);
			name = Products;
			sourceTree = "<group>";
		};
		3F4209F51C6125C600E5F172 /* Camera Hackwich */ = {
			isa = PBXGroup;
			children = (
				3F4209F61C6125C600E5F172 /* AppDelegate.swift */,
				3F4209F81C6125C600E5F172 /* ViewController.swift */,
				3F4209FA1C6125C600E5F172 /* Main.storyboard */,
				3F4209FD1C6125C600E5F172 /* Assets.xcassets */,
				3F4209FF1C6125C600E5F172 /* LaunchScreen.storyboard */,
				3F420A021C6125C600E5F172 /* Info.plist */,
			);
			path = "Camera Hackwich";
			sourceTree = "<group>";
		};
		3F420A0A1C6125C600E5F172 /* Camera HackwichTests */ = {
			isa = PBXGroup;
			children = (
				3F420A0B1C6125C600E5F172 /* Camera_HackwichTests.swift */,
				3F420A0D1C6125C600E5F172 /* Info.plist */,
			);
			path = "Camera HackwichTests";
			sourceTree = "<group>";
		};
		3F420A151C6125C700E5F172 /* Camera HackwichUITests */ = {
			isa = PBXGroup;
			children = (
				3F420A161C6125C700E5F172 /* Camera_HackwichUITests.swift */,
				3F420A181C6125C700E5F172 /* Info.plist */,
			);
			path = "Camera HackwichUITests";
			sourceTree = "<group>";
		};
/* End PBXGroup section */

/* Begin PBXNativeTarget section */
		3F4209F21C6125C600E5F172 /* Camera Hackwich */ = {
			isa = PBXNativeTarget;
			buildConfigurationList = 3F420A1B1C6125C700E5F172 /* Build configuration list for PBXNativeTarget "Camera Hackwich" */;
			buildPhases = (
				3F4209EF1C6125C600E5F172 /* Sources */,
				3F4209F01C6125C600E5F172 /* Frameworks */,
				3F4209F11C6125C600E5F172 /* Resources */,
			);
			buildRules = (
			);
			dependencies = (
			);
			name = "Camera Hackwich";
			productName = "Camera Hackwich";
			productReference = 3F4209F31C6125C600E5F172 /* Camera Hackwich.app */;
			productType = "com.apple.product-type.application";
		};
		3F420A061C6125C600E5F172 /* Camera HackwichTests */ = {
			isa = PBXNativeTarget;
			buildConfigurationList = 3F420A1E1C6125C700E5F172 /* Build configuration list for PBXNativeTarget "Camera HackwichTests" */;
			buildPhases = (
				3F420A031C6125C600E5F172 /* Sources */,
				3F420A041C6125C600E5F172 /* Frameworks */,
				3F420A051C6125C600E5F172 /* Resources */,
			);
			buildRules = (
			);
			dependencies = (
				3F420A091C6125C600E5F172 /* PBXTargetDependency */,
			);
			name = "Camera HackwichTests";
			productName = "Camera HackwichTests";
			productReference = 3F420A071C6125C600E5F172 /* Camera HackwichTests.xctest */;
			productType = "com.apple.product-type.bundle.unit-test";
		};
		3F420A111C6125C700E5F172 /* Camera HackwichUITests */ = {
			isa = PBXNativeTarget;
			buildConfigurationList = 3F420A211C6125C700E5F172 /* Build configuration list for PBXNativeTarget "Camera HackwichUITests" */;
			buildPhases = (
				3F420A0E1C6125C700E5F172 /* Sources */,
				3F420A0F1C6125C700E5F172 /* Frameworks */,
				3F420A101C6125C700E5F172 /* Resources */,
			);
			buildRules = (
			);
			dependencies = (
				3F420A141C6125C700E5F172 /* PBXTargetDependency */,
			);
			name = "Camera HackwichUITests";
			productName = "Camera HackwichUITests";
			productReference = 3F420A121C6125C700E5F172 /* Camera HackwichUITests.xctest */;
			productType = "com.apple.product-type.bundle.ui-testing";
		};
/* End PBXNativeTarget section */

/* Begin PBXProject section */
		3F4209EB1C6125C600E5F172 /* Project object */ = {
			isa = PBXProject;
			attributes = {
				LastUpgradeCheck = 0710;
				ORGANIZATIONNAME = Student;
				TargetAttributes = {
					3F4209F21C6125C600E5F172 = {
						CreatedOnToolsVersion = 7.1;
						DevelopmentTeam = 6848H2JY57;
					};
					3F420A061C6125C600E5F172 = {
						CreatedOnToolsVersion = 7.1;
						DevelopmentTeam = 6848H2JY57;
						TestTargetID = 3F4209F21C6125C600E5F172;
					};
					3F420A111C6125C700E5F172 = {
						CreatedOnToolsVersion = 7.1;
						DevelopmentTeam = 6848H2JY57;
						TestTargetID = 3F4209F21C6125C600E5F172;
					};
				};
			};
			buildConfigurationList = 3F4209EE1C6125C600E5F172 /* Build configuration list for PBXProject "Camera Hackwich" */;
			compatibilityVersion = "Xcode 3.2";
			developmentRegion = English;
			hasScannedForEncodings = 0;
			knownRegions = (
				en,
				Base,
			);
			mainGroup = 3F4209EA1C6125C600E5F172;
			productRefGroup = 3F4209F41C6125C600E5F172 /* Products */;
			projectDirPath = "";
			projectRoot = "";
			targets = (
				3F4209F21C6125C600E5F172 /* Camera Hackwich */,
				3F420A061C6125C600E5F172 /* Camera HackwichTests */,
				3F420A111C6125C700E5F172 /* Camera HackwichUITests */,
			);
		};
/* End PBXProject section */

/* Begin PBXResourcesBuildPhase section */
		3F4209F11C6125C600E5F172 /* Resources */ = {
			isa = PBXResourcesBuildPhase;
			buildActionMask = 2147483647;
			files = (
				3F420A011C6125C600E5F172 /* LaunchScreen.storyboard in Resources */,
				3F4209FE1C6125C600E5F172 /* Assets.xcassets in Resources */,
				3F4209FC1C6125C600E5F172 /* Main.storyboard in Resources */,
			);
			runOnlyForDeploymentPostprocessing = 0;
		};
		3F420A051C6125C600E5F172 /* Resources */ = {
			isa = PBXResourcesBuildPhase;
			buildActionMask = 2147483647;
			files = (
			);
			runOnlyForDeploymentPostprocessing = 0;
		};
		3F420A101C6125C700E5F172 /* Resources */ = {
			isa = PBXResourcesBuildPhase;
			buildActionMask = 2147483647;
			files = (
			);
			runOnlyForDeploymentPostprocessing = 0;
		};
/* End PBXResourcesBuildPhase section */

/* Begin PBXSourcesBuildPhase section */
		3F4209EF1C6125C600E5F172 /* Sources */ = {
			isa = PBXSourcesBuildPhase;
			buildActionMask = 2147483647;
			files = (
				3F4209F91C6125C600E5F172 /* ViewController.swift in Sources */,
				3F4209F71C6125C600E5F172 /* AppDelegate.swift in Sources */,
			);
			runOnlyForDeploymentPostprocessing = 0;
		};
		3F420A031C6125C600E5F172 /* Sources */ = {
			isa = PBXSourcesBuildPhase;
			buildActionMask = 2147483647;
			files = (
				3F420A0C1C6125C600E5F172 /* Camera_HackwichTests.swift in Sources */,
			);
			runOnlyForDeploymentPostprocessing = 0;
		};
		3F420A0E1C6125C700E5F172 /* Sources */ = {
			isa = PBXSourcesBuildPhase;
			buildActionMask = 2147483647;
			files = (
				3F420A171C6125C700E5F172 /* Camera_HackwichUITests.swift in Sources */,
			);
			runOnlyForDeploymentPostprocessing = 0;
		};
/* End PBXSourcesBuildPhase section */

/* Begin PBXTargetDependency section */
		3F420A091C6125C600E5F172 /* PBXTargetDependency */ = {
			isa = PBXTargetDependency;
			target = 3F4209F21C6125C600E5F172 /* Camera Hackwich */;
			targetProxy = 3F420A081C6125C600E5F172 /* PBXContainerItemProxy */;
		};
		3F420A141C6125C700E5F172 /* PBXTargetDependency */ = {
			isa = PBXTargetDependency;
			target = 3F4209F21C6125C600E5F172 /* Camera Hackwich */;
			targetProxy = 3F420A131C6125C700E5F172 /* PBXContainerItemProxy */;
		};
/* End PBXTargetDependency section */

/* Begin PBXVariantGroup section */
		3F4209FA1C6125C600E5F172 /* Main.storyboard */ = {
			isa = PBXVariantGroup;
			children = (
				3F4209FB1C6125C600E5F172 /* Base */,
			);
			name = Main.storyboard;
			sourceTree = "<group>";
		};
		3F4209FF1C6125C600E5F172 /* LaunchScreen.storyboard */ = {
			isa = PBXVariantGroup;
			children = (
				3F420A001C6125C600E5F172 /* Base */,
			);
			name = LaunchScreen.storyboard;
			sourceTree = "<group>";
		};
/* End PBXVariantGroup section */

/* Begin XCBuildConfiguration section */
		3F420A191C6125C700E5F172 /* Debug */ = {
			isa = XCBuildConfiguration;
			buildSettings = {
				ALWAYS_SEARCH_USER_PATHS = NO;
				CLANG_CXX_LANGUAGE_STANDARD = "gnu++0x";
				CLANG_CXX_LIBRARY = "libc++";
				CLANG_ENABLE_MODULES = YES;
				CLANG_ENABLE_OBJC_ARC = YES;
				CLANG_WARN_BOOL_CONVERSION = YES;
				CLANG_WARN_CONSTANT_CONVERSION = YES;
				CLANG_WARN_DIRECT_OBJC_ISA_USAGE = YES_ERROR;
				CLANG_WARN_EMPTY_BODY = YES;
				CLANG_WARN_ENUM_CONVERSION = YES;
				CLANG_WARN_INT_CONVERSION = YES;
				CLANG_WARN_OBJC_ROOT_CLASS = YES_ERROR;
				CLANG_WARN_UNREACHABLE_CODE = YES;
				CLANG_WARN__DUPLICATE_METHOD_MATCH = YES;
				"CODE_SIGN_IDENTITY[sdk=iphoneos*]" = "iPhone Developer";
				COPY_PHASE_STRIP = NO;
				DEBUG_INFORMATION_FORMAT = dwarf;
				ENABLE_STRICT_OBJC_MSGSEND = YES;
				ENABLE_TESTABILITY = YES;
				GCC_C_LANGUAGE_STANDARD = gnu99;
				GCC_DYNAMIC_NO_PIC = NO;
				GCC_NO_COMMON_BLOCKS = YES;
				GCC_OPTIMIZATION_LEVEL = 0;
				GCC_PREPROCESSOR_DEFINITIONS = (
					"DEBUG=1",
					"$(inherited)",
				);
				GCC_WARN_64_TO_32_BIT_CONVERSION = YES;
				GCC_WARN_ABOUT_RETURN_TYPE = YES_ERROR;
				GCC_WARN_UNDECLARED_SELECTOR = YES;
				GCC_WARN_UNINITIALIZED_AUTOS = YES_AGGRESSIVE;
				GCC_WARN_UNUSED_FUNCTION = YES;
				GCC_WARN_UNUSED_VARIABLE = YES;
				IPHONEOS_DEPLOYMENT_TARGET = 9.1;
				MTL_ENABLE_DEBUG_INFO = YES;
				ONLY_ACTIVE_ARCH = YES;
				SDKROOT = iphoneos;
				SWIFT_OPTIMIZATION_LEVEL = "-Onone";
				TARGETED_DEVICE_FAMILY = "1,2";
			};
			name = Debug;
		};
		3F420A1A1C6125C700E5F172 /* Release */ = {
			isa = XCBuildConfiguration;
			buildSettings = {
				ALWAYS_SEARCH_USER_PATHS = NO;
				CLANG_CXX_LANGUAGE_STANDARD = "gnu++0x";
				CLANG_CXX_LIBRARY = "libc++";
				CLANG_ENABLE_MODULES = YES;
				CLANG_ENABLE_OBJC_ARC = YES;
				CLANG_WARN_BOOL_CONVERSION = YES;
				CLANG_WARN_CONSTANT_CONVERSION = YES;
				CLANG_WARN_DIRECT_OBJC_ISA_USAGE = YES_ERROR;
				CLANG_WARN_EMPTY_BODY = YES;
				CLANG_WARN_ENUM_CONVERSION = YES;
				CLANG_WARN_INT_CONVERSION = YES;
				CLANG_WARN_OBJC_ROOT_CLASS = YES_ERROR;
				CLANG_WARN_UNREACHABLE_CODE = YES;
				CLANG_WARN__DUPLICATE_METHOD_MATCH = YES;
				"CODE_SIGN_IDENTITY[sdk=iphoneos*]" = "iPhone Developer";
				COPY_PHASE_STRIP = NO;
				DEBUG_INFORMATION_FORMAT = "dwarf-with-dsym";
				ENABLE_NS_ASSERTIONS = NO;
				ENABLE_STRICT_OBJC_MSGSEND = YES;
				GCC_C_LANGUAGE_STANDARD = gnu99;
				GCC_NO_COMMON_BLOCKS = YES;
				GCC_WARN_64_TO_32_BIT_CONVERSION = YES;
				GCC_WARN_ABOUT_RETURN_TYPE = YES_ERROR;
				GCC_WARN_UNDECLARED_SELECTOR = YES;
				GCC_WARN_UNINITIALIZED_AUTOS = YES_AGGRESSIVE;
				GCC_WARN_UNUSED_FUNCTION = YES;
				GCC_WARN_UNUSED_VARIABLE = YES;
				IPHONEOS_DEPLOYMENT_TARGET = 9.1;
				MTL_ENABLE_DEBUG_INFO = NO;
				SDKROOT = iphoneos;
				TARGETED_DEVICE_FAMILY = "1,2";
				VALIDATE_PRODUCT = YES;
			};
			name = Release;
		};
		3F420A1C1C6125C700E5F172 /* Debug */ = {
			isa = XCBuildConfiguration;
			buildSettings = {
				ASSETCATALOG_COMPILER_APPICON_NAME = AppIcon;
				INFOPLIST_FILE = "Camera Hackwich/Info.plist";
				LD_RUNPATH_SEARCH_PATHS = "$(inherited) @executable_path/Frameworks";
				PRODUCT_BUNDLE_IDENTIFIER = "bhs.Camera-Hackwich";
				PRODUCT_NAME = "$(TARGET_NAME)";
			};
			name = Debug;
		};
		3F420A1D1C6125C700E5F172 /* Release */ = {
			isa = XCBuildConfiguration;
			buildSettings = {
				ASSETCATALOG_COMPILER_APPICON_NAME = AppIcon;
				INFOPLIST_FILE = "Camera Hackwich/Info.plist";
				LD_RUNPATH_SEARCH_PATHS = "$(inherited) @executable_path/Frameworks";
				PRODUCT_BUNDLE_IDENTIFIER = "bhs.Camera-Hackwich";
				PRODUCT_NAME = "$(TARGET_NAME)";
			};
			name = Release;
		};
		3F420A1F1C6125C700E5F172 /* Debug */ = {
			isa = XCBuildConfiguration;
			buildSettings = {
				BUNDLE_LOADER = "$(TEST_HOST)";
				INFOPLIST_FILE = "Camera HackwichTests/Info.plist";
				LD_RUNPATH_SEARCH_PATHS = "$(inherited) @executable_path/Frameworks @loader_path/Frameworks";
				PRODUCT_BUNDLE_IDENTIFIER = "bhs.Camera-HackwichTests";
				PRODUCT_NAME = "$(TARGET_NAME)";
				TEST_HOST = "$(BUILT_PRODUCTS_DIR)/Camera Hackwich.app/Camera Hackwich";
			};
			name = Debug;
		};
		3F420A201C6125C700E5F172 /* Release */ = {
			isa = XCBuildConfiguration;
			buildSettings = {
				BUNDLE_LOADER = "$(TEST_HOST)";
				INFOPLIST_FILE = "Camera HackwichTests/Info.plist";
				LD_RUNPATH_SEARCH_PATHS = "$(inherited) @executable_path/Frameworks @loader_path/Frameworks";
				PRODUCT_BUNDLE_IDENTIFIER = "bhs.Camera-HackwichTests";
				PRODUCT_NAME = "$(TARGET_NAME)";
				TEST_HOST = "$(BUILT_PRODUCTS_DIR)/Camera Hackwich.app/Camera Hackwich";
			};
			name = Release;
		};
		3F420A221C6125C700E5F172 /* Debug */ = {
			isa = XCBuildConfiguration;
			buildSettings = {
				INFOPLIST_FILE = "Camera HackwichUITests/Info.plist";
				LD_RUNPATH_SEARCH_PATHS = "$(inherited) @executable_path/Frameworks @loader_path/Frameworks";
				PRODUCT_BUNDLE_IDENTIFIER = "bhs.Camera-HackwichUITests";
				PRODUCT_NAME = "$(TARGET_NAME)";
				TEST_TARGET_NAME = "Camera Hackwich";
				USES_XCTRUNNER = YES;
			};
			name = Debug;
		};
		3F420A231C6125C700E5F172 /* Release */ = {
			isa = XCBuildConfiguration;
			buildSettings = {
				INFOPLIST_FILE = "Camera HackwichUITests/Info.plist";
				LD_RUNPATH_SEARCH_PATHS = "$(inherited) @executable_path/Frameworks @loader_path/Frameworks";
				PRODUCT_BUNDLE_IDENTIFIER = "bhs.Camera-HackwichUITests";
				PRODUCT_NAME = "$(TARGET_NAME)";
				TEST_TARGET_NAME = "Camera Hackwich";
				USES_XCTRUNNER = YES;
			};
			name = Release;
		};
/* End XCBuildConfiguration section */

/* Begin XCConfigurationList section */
		3F4209EE1C6125C600E5F172 /* Build configuration list for PBXProject "Camera Hackwich" */ = {
			isa = XCConfigurationList;
			buildConfigurations = (
				3F420A191C6125C700E5F172 /* Debug */,
				3F420A1A1C6125C700E5F172 /* Release */,
			);
			defaultConfigurationIsVisible = 0;
			defaultConfigurationName = Release;
		};
		3F420A1B1C6125C700E5F172 /* Build configuration list for PBXNativeTarget "Camera Hackwich" */ = {
			isa = XCConfigurationList;
			buildConfigurations = (
				3F420A1C1C6125C700E5F172 /* Debug */,
				3F420A1D1C6125C700E5F172 /* Release */,
			);
			defaultConfigurationIsVisible = 0;
		};
		3F420A1E1C6125C700E5F172 /* Build configuration list for PBXNativeTarget "Camera HackwichTests" */ = {
			isa = XCConfigurationList;
			buildConfigurations = (
				3F420A1F1C6125C700E5F172 /* Debug */,
				3F420A201C6125C700E5F172 /* Release */,
			);
			defaultConfigurationIsVisible = 0;
		};
		3F420A211C6125C700E5F172 /* Build configuration list for PBXNativeTarget "Camera HackwichUITests" */ = {
			isa = XCConfigurationList;
			buildConfigurations = (
				3F420A221C6125C700E5F172 /* Debug */,
				3F420A231C6125C700E5F172 /* Release */,
			);
			defaultConfigurationIsVisible = 0;
		};
/* End XCConfigurationList section */
	};
	rootObject = 3F4209EB1C6125C600E5F172 /* Project object */;
}
